{
 "graph_lock": {
  "nodes": {
   "0": {
    "options": "restinio:asio=standalone\nrestinio:with_openssl=False\nrestinio:with_pcre=None\nrestinio:with_zlib=False",
    "requires": [
     "1"
    ],
    "path": "conanfile.txt",
    "context": "host"
   },
   "1": {
    "ref": "restinio/0.6.9",
    "options": "asio=standalone\nwith_openssl=False\nwith_pcre=None\nwith_zlib=False\nfmt:fPIC=True\nfmt:header_only=False\nfmt:shared=False\nfmt:with_fmt_alias=False\nfmt:with_os_api=True\nhttp_parser:fPIC=True\nhttp_parser:shared=False",
    "package_id": "5ab84d6acfe1f23c4fae0ab88f26e3a396351ac9",
    "prev": "0",
    "requires": [
     "2",
     "3",
     "4",
     "5",
     "6",
     "7",
     "8"
    ],
    "context": "host"
   },
   "2": {
    "ref": "http_parser/2.9.4",
    "options": "fPIC=True\nshared=False",
    "package_id": "19729b9559f3ae196cad45cb2b97468ccb75dcd1",
    "prev": "0",
    "context": "host"
   },
   "3": {
    "ref": "fmt/8.0.1",
    "options": "fPIC=True\nheader_only=False\nshared=False\nwith_fmt_alias=False\nwith_os_api=True",
    "package_id": "bb317a1f4f7069078e967719a5c585f83cd078c2",
    "prev": "0",
    "context": "host"
   },
   "4": {
    "ref": "expected-lite/0.5.0",
    "options": "",
    "package_id": "5ab84d6acfe1f23c4fae0ab88f26e3a396351ac9",
    "prev": "0",
    "context": "host"
   },
   "5": {
    "ref": "optional-lite/3.4.0",
    "options": "",
    "package_id": "5ab84d6acfe1f23c4fae0ab88f26e3a396351ac9",
    "prev": "0",
    "context": "host"
   },
   "6": {
    "ref": "string-view-lite/1.6.0",
    "options": "",
    "package_id": "5ab84d6acfe1f23c4fae0ab88f26e3a396351ac9",
    "prev": "0",
    "context": "host"
   },
   "7": {
    "ref": "variant-lite/2.0.0",
    "options": "",
    "package_id": "5ab84d6acfe1f23c4fae0ab88f26e3a396351ac9",
    "prev": "0",
    "context": "host"
   },
   "8": {
    "ref": "asio/1.18.1",
    "options": "",
    "package_id": "5ab84d6acfe1f23c4fae0ab88f26e3a396351ac9",
    "prev": "0",
    "context": "host"
   }
  },
  "revisions_enabled": false
 },
 "version": "0.4",
 "profile_host": "[settings]\narch=x86_64\narch_build=x86_64\nbuild_type=Release\ncompiler=gcc\ncompiler.libcxx=libstdc++11\ncompiler.version=10\nos=Linux\nos_build=Linux\n[options]\n[build_requires]\n[env]\n"
}